
Microsoft Visual Studio Solution File, Format Version 12.00
# Visual Studio 14
VisualStudioVersion = 14.0.24720.0
MinimumVisualStudioVersion = 10.0.40219.1
Project("{FAE04EC0-301F-11D3-BF4B-00C04F79EFBC}") = "KP.WebApi", "KP.Web\KP.WebApi.csproj", "{F6875DE7-6816-4EFB-9891-C7A508425FD6}"
EndProject
Project("{FAE04EC0-301F-11D3-BF4B-00C04F79EFBC}") = "KP.WebApi.Tests", "KP.WebApi.Tests\KP.WebApi.Tests.csproj", "{B570297E-D80F-44D7-84D5-59B6CD0FF68E}"
EndProject
Global
	GlobalSection(SolutionConfigurationPlatforms) = preSolution
		Debug|Any CPU = Debug|Any CPU
		Release|Any CPU = Release|Any CPU
	EndGlobalSection
	GlobalSection(ProjectConfigurationPlatforms) = postSolution
		{F6875DE7-6816-4EFB-9891-C7A508425FD6}.Debug|Any CPU.ActiveCfg = Debug|Any CPU
		{F6875DE7-6816-4EFB-9891-C7A508425FD6}.Debug|Any CPU.Build.0 = Debug|Any CPU
		{F6875DE7-6816-4EFB-9891-C7A508425FD6}.Release|Any CPU.ActiveCfg = Release|Any CPU
		{F6875DE7-6816-4EFB-9891-C7A508425FD6}.Release|Any CPU.Build.0 = Release|Any CPU
		{B570297E-D80F-44D7-84D5-59B6CD0FF68E}.Debug|Any CPU.ActiveCfg = Debug|Any CPU
		{B570297E-D80F-44D7-84D5-59B6CD0FF68E}.Debug|Any CPU.Build.0 = Debug|Any CPU
		{B570297E-D80F-44D7-84D5-59B6CD0FF68E}.Release|Any CPU.ActiveCfg = Release|Any CPU
		{B570297E-D80F-44D7-84D5-59B6CD0FF68E}.Release|Any CPU.Build.0 = Release|Any CPU
	EndGlobalSection
	GlobalSection(SolutionProperties) = preSolution
		HideSolutionNode = FALSE
	EndGlobalSection
EndGlobal
